// !$*UTF8*$!
{
	archiveVersion = 1;
	classes = {
	};
	objectVersion = 50;
	objects = {

/* Begin PBXBuildFile section */
		D31C9A5521B4DE0100600962 /* AddViewController.swift in Sources */ = {isa = PBXBuildFile; fileRef = D31C9A5421B4DE0100600962 /* AddViewController.swift */; };
		D3AC5B8021B4D06400D82294 /* AppDelegate.swift in Sources */ = {isa = PBXBuildFile; fileRef = D3AC5B7F21B4D06400D82294 /* AppDelegate.swift */; };
		D3AC5B8221B4D06400D82294 /* ViewController.swift in Sources */ = {isa = PBXBuildFile; fileRef = D3AC5B8121B4D06400D82294 /* ViewController.swift */; };
		D3AC5B8521B4D06400D82294 /* Main.storyboard in Resources */ = {isa = PBXBuildFile; fileRef = D3AC5B8321B4D06400D82294 /* Main.storyboard */; };
		D3AC5B8721B4D06600D82294 /* Assets.xcassets in Resources */ = {isa = PBXBuildFile; fileRef = D3AC5B8621B4D06600D82294 /* Assets.xcassets */; };
		D3AC5B8A21B4D06600D82294 /* LaunchScreen.storyboard in Resources */ = {isa = PBXBuildFile; fileRef = D3AC5B8821B4D06600D82294 /* LaunchScreen.storyboard */; };
		D3AC5B9521B4D06600D82294 /* PasswordDatabaseTests.swift in Sources */ = {isa = PBXBuildFile; fileRef = D3AC5B9421B4D06600D82294 /* PasswordDatabaseTests.swift */; };
		D3AC5BA021B4D06600D82294 /* PasswordDatabaseUITests.swift in Sources */ = {isa = PBXBuildFile; fileRef = D3AC5B9F21B4D06600D82294 /* PasswordDatabaseUITests.swift */; };
/* End PBXBuildFile section */

/* Begin PBXContainerItemProxy section */
		D3AC5B9121B4D06600D82294 /* PBXContainerItemProxy */ = {
			isa = PBXContainerItemProxy;
			containerPortal = D3AC5B7421B4D06400D82294 /* Project object */;
			proxyType = 1;
			remoteGlobalIDString = D3AC5B7B21B4D06400D82294;
			remoteInfo = PasswordDatabase;
		};
		D3AC5B9C21B4D06600D82294 /* PBXContainerItemProxy */ = {
			isa = PBXContainerItemProxy;
			containerPortal = D3AC5B7421B4D06400D82294 /* Project object */;
			proxyType = 1;
			remoteGlobalIDString = D3AC5B7B21B4D06400D82294;
			remoteInfo = PasswordDatabase;
		};
/* End PBXContainerItemProxy section */

/* Begin PBXFileReference section */
		D31C9A5421B4DE0100600962 /* AddViewController.swift */ = {isa = PBXFileReference; lastKnownFileType = sourcecode.swift; path = AddViewController.swift; sourceTree = "<group>"; };
		D3AC5B7C21B4D06400D82294 /* PasswordDatabase.app */ = {isa = PBXFileReference; explicitFileType = wrapper.application; includeInIndex = 0; path = PasswordDatabase.app; sourceTree = BUILT_PRODUCTS_DIR; };
		D3AC5B7F21B4D06400D82294 /* AppDelegate.swift */ = {isa = PBXFileReference; lastKnownFileType = sourcecode.swift; path = AppDelegate.swift; sourceTree = "<group>"; };
		D3AC5B8121B4D06400D82294 /* ViewController.swift */ = {isa = PBXFileReference; lastKnownFileType = sourcecode.swift; path = ViewController.swift; sourceTree = "<group>"; };
		D3AC5B8421B4D06400D82294 /* Base */ = {isa = PBXFileReference; lastKnownFileType = file.storyboard; name = Base; path = Base.lproj/Main.storyboard; sourceTree = "<group>"; };
		D3AC5B8621B4D06600D82294 /* Assets.xcassets */ = {isa = PBXFileReference; lastKnownFileType = folder.assetcatalog; path = Assets.xcassets; sourceTree = "<group>"; };
		D3AC5B8921B4D06600D82294 /* Base */ = {isa = PBXFileReference; lastKnownFileType = file.storyboard; name = Base; path = Base.lproj/LaunchScreen.storyboard; sourceTree = "<group>"; };
		D3AC5B8B21B4D06600D82294 /* Info.plist */ = {isa = PBXFileReference; lastKnownFileType = text.plist.xml; path = Info.plist; sourceTree = "<group>"; };
		D3AC5B9021B4D06600D82294 /* PasswordDatabaseTests.xctest */ = {isa = PBXFileReference; explicitFileType = wrapper.cfbundle; includeInIndex = 0; path = PasswordDatabaseTests.xctest; sourceTree = BUILT_PRODUCTS_DIR; };
		D3AC5B9421B4D06600D82294 /* PasswordDatabaseTests.swift */ = {isa = PBXFileReference; lastKnownFileType = sourcecode.swift; path = PasswordDatabaseTests.swift; sourceTree = "<group>"; };
		D3AC5B9621B4D06600D82294 /* Info.plist */ = {isa = PBXFileReference; lastKnownFileType = text.plist.xml; path = Info.plist; sourceTree = "<group>"; };
		D3AC5B9B21B4D06600D82294 /* PasswordDatabaseUITests.xctest */ = {isa = PBXFileReference; explicitFileType = wrapper.cfbundle; includeInIndex = 0; path = PasswordDatabaseUITests.xctest; sourceTree = BUILT_PRODUCTS_DIR; };
		D3AC5B9F21B4D06600D82294 /* PasswordDatabaseUITests.swift */ = {isa = PBXFileReference; lastKnownFileType = sourcecode.swift; path = PasswordDatabaseUITests.swift; sourceTree = "<group>"; };
		D3AC5BA121B4D06600D82294 /* Info.plist */ = {isa = PBXFileReference; lastKnownFileType = text.plist.xml; path = Info.plist; sourceTree = "<group>"; };
/* End PBXFileReference section */

/* Begin PBXFrameworksBuildPhase section */
		D3AC5B7921B4D06400D82294 /* Frameworks */ = {
			isa = PBXFrameworksBuildPhase;
			buildActionMask = 2147483647;
			files = (
			);
			runOnlyForDeploymentPostprocessing = 0;
		};
		D3AC5B8D21B4D06600D82294 /* Frameworks */ = {
			isa = PBXFrameworksBuildPhase;
			buildActionMask = 2147483647;
			files = (
			);
			runOnlyForDeploymentPostprocessing = 0;
		};
		D3AC5B9821B4D06600D82294 /* Frameworks */ = {
			isa = PBXFrameworksBuildPhase;
			buildActionMask = 2147483647;
			files = (
			);
			runOnlyForDeploymentPostprocessing = 0;
		};
/* End PBXFrameworksBuildPhase section */

/* Begin PBXGroup section */
		D3AC5B7321B4D06400D82294 = {
			isa = PBXGroup;
			children = (
				D3AC5B7E21B4D06400D82294 /* PasswordDatabase */,
				D3AC5B9321B4D06600D82294 /* PasswordDatabaseTests */,
				D3AC5B9E21B4D06600D82294 /* PasswordDatabaseUITests */,
				D3AC5B7D21B4D06400D82294 /* Products */,
			);
			sourceTree = "<group>";
		};
		D3AC5B7D21B4D06400D82294 /* Products */ = {
			isa = PBXGroup;
			children = (
				D3AC5B7C21B4D06400D82294 /* PasswordDatabase.app */,
				D3AC5B9021B4D06600D82294 /* PasswordDatabaseTests.xctest */,
				D3AC5B9B21B4D06600D82294 /* PasswordDatabaseUITests.xctest */,
			);
			name = Products;
			sourceTree = "<group>";
		};
		D3AC5B7E21B4D06400D82294 /* PasswordDatabase */ = {
			isa = PBXGroup;
			children = (
				D3AC5B7F21B4D06400D82294 /* AppDelegate.swift */,
				D3AC5B8121B4D06400D82294 /* ViewController.swift */,
				D31C9A5421B4DE0100600962 /* AddViewController.swift */,
				D3AC5B8321B4D06400D82294 /* Main.storyboard */,
				D3AC5B8621B4D06600D82294 /* Assets.xcassets */,
				D3AC5B8821B4D06600D82294 /* LaunchScreen.storyboard */,
				D3AC5B8B21B4D06600D82294 /* Info.plist */,
			);
			path = PasswordDatabase;
			sourceTree = "<group>";
		};
		D3AC5B9321B4D06600D82294 /* PasswordDatabaseTests */ = {
			isa = PBXGroup;
			children = (
				D3AC5B9421B4D06600D82294 /* PasswordDatabaseTests.swift */,
				D3AC5B9621B4D06600D82294 /* Info.plist */,
			);
			path = PasswordDatabaseTests;
			sourceTree = "<group>";
		};
		D3AC5B9E21B4D06600D82294 /* PasswordDatabaseUITests */ = {
			isa = PBXGroup;
			children = (
				D3AC5B9F21B4D06600D82294 /* PasswordDatabaseUITests.swift */,
				D3AC5BA121B4D06600D82294 /* Info.plist */,
			);
			path = PasswordDatabaseUITests;
			sourceTree = "<group>";
		};
/* End PBXGroup section */

/* Begin PBXNativeTarget section */
		D3AC5B7B21B4D06400D82294 /* PasswordDatabase */ = {
			isa = PBXNativeTarget;
			buildConfigurationList = D3AC5BA421B4D06600D82294 /* Build configuration list for PBXNativeTarget "PasswordDatabase" */;
			buildPhases = (
				D3AC5B7821B4D06400D82294 /* Sources */,
				D3AC5B7921B4D06400D82294 /* Frameworks */,
				D3AC5B7A21B4D06400D82294 /* Resources */,
			);
			buildRules = (
			);
			dependencies = (
			);
			name = PasswordDatabase;
			productName = PasswordDatabase;
			productReference = D3AC5B7C21B4D06400D82294 /* PasswordDatabase.app */;
			productType = "com.apple.product-type.application";
		};
		D3AC5B8F21B4D06600D82294 /* PasswordDatabaseTests */ = {
			isa = PBXNativeTarget;
			buildConfigurationList = D3AC5BA721B4D06600D82294 /* Build configuration list for PBXNativeTarget "PasswordDatabaseTests" */;
			buildPhases = (
				D3AC5B8C21B4D06600D82294 /* Sources */,
				D3AC5B8D21B4D06600D82294 /* Frameworks */,
				D3AC5B8E21B4D06600D82294 /* Resources */,
			);
			buildRules = (
			);
			dependencies = (
				D3AC5B9221B4D06600D82294 /* PBXTargetDependency */,
			);
			name = PasswordDatabaseTests;
			productName = PasswordDatabaseTests;
			productReference = D3AC5B9021B4D06600D82294 /* PasswordDatabaseTests.xctest */;
			productType = "com.apple.product-type.bundle.unit-test";
		};
		D3AC5B9A21B4D06600D82294 /* PasswordDatabaseUITests */ = {
			isa = PBXNativeTarget;
			buildConfigurationList = D3AC5BAA21B4D06600D82294 /* Build configuration list for PBXNativeTarget "PasswordDatabaseUITests" */;
			buildPhases = (
				D3AC5B9721B4D06600D82294 /* Sources */,
				D3AC5B9821B4D06600D82294 /* Frameworks */,
				D3AC5B9921B4D06600D82294 /* Resources */,
			);
			buildRules = (
			);
			dependencies = (
				D3AC5B9D21B4D06600D82294 /* PBXTargetDependency */,
			);
			name = PasswordDatabaseUITests;
			productName = PasswordDatabaseUITests;
			productReference = D3AC5B9B21B4D06600D82294 /* PasswordDatabaseUITests.xctest */;
			productType = "com.apple.product-type.bundle.ui-testing";
		};
/* End PBXNativeTarget section */

/* Begin PBXProject section */
		D3AC5B7421B4D06400D82294 /* Project object */ = {
			isa = PBXProject;
			attributes = {
				LastSwiftUpdateCheck = 1010;
				LastUpgradeCheck = 1010;
				ORGANIZATIONNAME = "Fumiya Tanaka";
				TargetAttributes = {
					D3AC5B7B21B4D06400D82294 = {
						CreatedOnToolsVersion = 10.1;
					};
					D3AC5B8F21B4D06600D82294 = {
						CreatedOnToolsVersion = 10.1;
						TestTargetID = D3AC5B7B21B4D06400D82294;
					};
					D3AC5B9A21B4D06600D82294 = {
						CreatedOnToolsVersion = 10.1;
						TestTargetID = D3AC5B7B21B4D06400D82294;
					};
				};
			};
			buildConfigurationList = D3AC5B7721B4D06400D82294 /* Build configuration list for PBXProject "PasswordDatabase" */;
			compatibilityVersion = "Xcode 9.3";
			developmentRegion = en;
			hasScannedForEncodings = 0;
			knownRegions = (
				en,
				Base,
			);
			mainGroup = D3AC5B7321B4D06400D82294;
			productRefGroup = D3AC5B7D21B4D06400D82294 /* Products */;
			projectDirPath = "";
			projectRoot = "";
			targets = (
				D3AC5B7B21B4D06400D82294 /* PasswordDatabase */,
				D3AC5B8F21B4D06600D82294 /* PasswordDatabaseTests */,
				D3AC5B9A21B4D06600D82294 /* PasswordDatabaseUITests */,
			);
		};
/* End PBXProject section */

/* Begin PBXResourcesBuildPhase section */
		D3AC5B7A21B4D06400D82294 /* Resources */ = {
			isa = PBXResourcesBuildPhase;
			buildActionMask = 2147483647;
			files = (
				D3AC5B8A21B4D06600D82294 /* LaunchScreen.storyboard in Resources */,
				D3AC5B8721B4D06600D82294 /* Assets.xcassets in Resources */,
				D3AC5B8521B4D06400D82294 /* Main.storyboard in Resources */,
			);
			runOnlyForDeploymentPostprocessing = 0;
		};
		D3AC5B8E21B4D06600D82294 /* Resources */ = {
			isa = PBXResourcesBuildPhase;
			buildActionMask = 2147483647;
			files = (
			);
			runOnlyForDeploymentPostprocessing = 0;
		};
		D3AC5B9921B4D06600D82294 /* Resources */ = {
			isa = PBXResourcesBuildPhase;
			buildActionMask = 2147483647;
			files = (
			);
			runOnlyForDeploymentPostprocessing = 0;
		};
/* End PBXResourcesBuildPhase section */

/* Begin PBXSourcesBuildPhase section */
		D3AC5B7821B4D06400D82294 /* Sources */ = {
			isa = PBXSourcesBuildPhase;
			buildActionMask = 2147483647;
			files = (
				D3AC5B8221B4D06400D82294 /* ViewController.swift in Sources */,
				D3AC5B8021B4D06400D82294 /* AppDelegate.swift in Sources */,
				D31C9A5521B4DE0100600962 /* AddViewController.swift in Sources */,
			);
			runOnlyForDeploymentPostprocessing = 0;
		};
		D3AC5B8C21B4D06600D82294 /* Sources */ = {
			isa = PBXSourcesBuildPhase;
			buildActionMask = 2147483647;
			files = (
				D3AC5B9521B4D06600D82294 /* PasswordDatabaseTests.swift in Sources */,
			);
			runOnlyForDeploymentPostprocessing = 0;
		};
		D3AC5B9721B4D06600D82294 /* Sources */ = {
			isa = PBXSourcesBuildPhase;
			buildActionMask = 2147483647;
			files = (
				D3AC5BA021B4D06600D82294 /* PasswordDatabaseUITests.swift in Sources */,
			);
			runOnlyForDeploymentPostprocessing = 0;
		};
/* End PBXSourcesBuildPhase section */

/* Begin PBXTargetDependency section */
		D3AC5B9221B4D06600D82294 /* PBXTargetDependency */ = {
			isa = PBXTargetDependency;
			target = D3AC5B7B21B4D06400D82294 /* PasswordDatabase */;
			targetProxy = D3AC5B9121B4D06600D82294 /* PBXContainerItemProxy */;
		};
		D3AC5B9D21B4D06600D82294 /* PBXTargetDependency */ = {
			isa = PBXTargetDependency;
			target = D3AC5B7B21B4D06400D82294 /* PasswordDatabase */;
			targetProxy = D3AC5B9C21B4D06600D82294 /* PBXContainerItemProxy */;
		};
/* End PBXTargetDependency section */

/* Begin PBXVariantGroup section */
		D3AC5B8321B4D06400D82294 /* Main.storyboard */ = {
			isa = PBXVariantGroup;
			children = (
				D3AC5B8421B4D06400D82294 /* Base */,
			);
			name = Main.storyboard;
			sourceTree = "<group>";
		};
		D3AC5B8821B4D06600D82294 /* LaunchScreen.storyboard */ = {
			isa = PBXVariantGroup;
			children = (
				D3AC5B8921B4D06600D82294 /* Base */,
			);
			name = LaunchScreen.storyboard;
			sourceTree = "<group>";
		};
/* End PBXVariantGroup section */

/* Begin XCBuildConfiguration section */
		D3AC5BA221B4D06600D82294 /* Debug */ = {
			isa = XCBuildConfiguration;
			buildSettings = {
				ALWAYS_SEARCH_USER_PATHS = NO;
				CLANG_ANALYZER_NONNULL = YES;
				CLANG_ANALYZER_NUMBER_OBJECT_CONVERSION = YES_AGGRESSIVE;
				CLANG_CXX_LANGUAGE_STANDARD = "gnu++14";
				CLANG_CXX_LIBRARY = "libc++";
				CLANG_ENABLE_MODULES = YES;
				CLANG_ENABLE_OBJC_ARC = YES;
				CLANG_ENABLE_OBJC_WEAK = YES;
				CLANG_WARN_BLOCK_CAPTURE_AUTORELEASING = YES;
				CLANG_WARN_BOOL_CONVERSION = YES;
				CLANG_WARN_COMMA = YES;
				CLANG_WARN_CONSTANT_CONVERSION = YES;
				CLANG_WARN_DEPRECATED_OBJC_IMPLEMENTATIONS = YES;
				CLANG_WARN_DIRECT_OBJC_ISA_USAGE = YES_ERROR;
				CLANG_WARN_DOCUMENTATION_COMMENTS = YES;
				CLANG_WARN_EMPTY_BODY = YES;
				CLANG_WARN_ENUM_CONVERSION = YES;
				CLANG_WARN_INFINITE_RECURSION = YES;
				CLANG_WARN_INT_CONVERSION = YES;
				CLANG_WARN_NON_LITERAL_NULL_CONVERSION = YES;
				CLANG_WARN_OBJC_IMPLICIT_RETAIN_SELF = YES;
				CLANG_WARN_OBJC_LITERAL_CONVERSION = YES;
				CLANG_WARN_OBJC_ROOT_CLASS = YES_ERROR;
				CLANG_WARN_RANGE_LOOP_ANALYSIS = YES;
				CLANG_WARN_STRICT_PROTOTYPES = YES;
				CLANG_WARN_SUSPICIOUS_MOVE = YES;
				CLANG_WARN_UNGUARDED_AVAILABILITY = YES_AGGRESSIVE;
				CLANG_WARN_UNREACHABLE_CODE = YES;
				CLANG_WARN__DUPLICATE_METHOD_MATCH = YES;
				CODE_SIGN_IDENTITY = "iPhone Developer";
				COPY_PHASE_STRIP = NO;
				DEBUG_INFORMATION_FORMAT = dwarf;
				ENABLE_STRICT_OBJC_MSGSEND = YES;
				ENABLE_TESTABILITY = YES;
				GCC_C_LANGUAGE_STANDARD = gnu11;
				GCC_DYNAMIC_NO_PIC = NO;
				GCC_NO_COMMON_BLOCKS = YES;
				GCC_OPTIMIZATION_LEVEL = 0;
				GCC_PREPROCESSOR_DEFINITIONS = (
					"DEBUG=1",
					"$(inherited)",
				);
				GCC_WARN_64_TO_32_BIT_CONVERSION = YES;
				GCC_WARN_ABOUT_RETURN_TYPE = YES_ERROR;
				GCC_WARN_UNDECLARED_SELECTOR = YES;
				GCC_WARN_UNINITIALIZED_AUTOS = YES_AGGRESSIVE;
				GCC_WARN_UNUSED_FUNCTION = YES;
				GCC_WARN_UNUSED_VARIABLE = YES;
				IPHONEOS_DEPLOYMENT_TARGET = 12.1;
				MTL_ENABLE_DEBUG_INFO = INCLUDE_SOURCE;
				MTL_FAST_MATH = YES;
				ONLY_ACTIVE_ARCH = YES;
				SDKROOT = iphoneos;
				SWIFT_ACTIVE_COMPILATION_CONDITIONS = DEBUG;
				SWIFT_OPTIMIZATION_LEVEL = "-Onone";
			};
			name = Debug;
		};
		D3AC5BA321B4D06600D82294 /* Release */ = {
			isa = XCBuildConfiguration;
			buildSettings = {
				ALWAYS_SEARCH_USER_PATHS = NO;
				CLANG_ANALYZER_NONNULL = YES;
				CLANG_ANALYZER_NUMBER_OBJECT_CONVERSION = YES_AGGRESSIVE;
				CLANG_CXX_LANGUAGE_STANDARD = "gnu++14";
				CLANG_CXX_LIBRARY = "libc++";
				CLANG_ENABLE_MODULES = YES;
				CLANG_ENABLE_OBJC_ARC = YES;
				CLANG_ENABLE_OBJC_WEAK = YES;
				CLANG_WARN_BLOCK_CAPTURE_AUTORELEASING = YES;
				CLANG_WARN_BOOL_CONVERSION = YES;
				CLANG_WARN_COMMA = YES;
				CLANG_WARN_CONSTANT_CONVERSION = YES;
				CLANG_WARN_DEPRECATED_OBJC_IMPLEMENTATIONS = YES;
				CLANG_WARN_DIRECT_OBJC_ISA_USAGE = YES_ERROR;
				CLANG_WARN_DOCUMENTATION_COMMENTS = YES;
				CLANG_WARN_EMPTY_BODY = YES;
				CLANG_WARN_ENUM_CONVERSION = YES;
				CLANG_WARN_INFINITE_RECURSION = YES;
				CLANG_WARN_INT_CONVERSION = YES;
				CLANG_WARN_NON_LITERAL_NULL_CONVERSION = YES;
				CLANG_WARN_OBJC_IMPLICIT_RETAIN_SELF = YES;
				CLANG_WARN_OBJC_LITERAL_CONVERSION = YES;
				CLANG_WARN_OBJC_ROOT_CLASS = YES_ERROR;
				CLANG_WARN_RANGE_LOOP_ANALYSIS = YES;
				CLANG_WARN_STRICT_PROTOTYPES = YES;
				CLANG_WARN_SUSPICIOUS_MOVE = YES;
				CLANG_WARN_UNGUARDED_AVAILABILITY = YES_AGGRESSIVE;
				CLANG_WARN_UNREACHABLE_CODE = YES;
				CLANG_WARN__DUPLICATE_METHOD_MATCH = YES;
				CODE_SIGN_IDENTITY = "iPhone Developer";
				COPY_PHASE_STRIP = NO;
				DEBUG_INFORMATION_FORMAT = "dwarf-with-dsym";
				ENABLE_NS_ASSERTIONS = NO;
				ENABLE_STRICT_OBJC_MSGSEND = YES;
				GCC_C_LANGUAGE_STANDARD = gnu11;
				GCC_NO_COMMON_BLOCKS = YES;
				GCC_WARN_64_TO_32_BIT_CONVERSION = YES;
				GCC_WARN_ABOUT_RETURN_TYPE = YES_ERROR;
				GCC_WARN_UNDECLARED_SELECTOR = YES;
				GCC_WARN_UNINITIALIZED_AUTOS = YES_AGGRESSIVE;
				GCC_WARN_UNUSED_FUNCTION = YES;
				GCC_WARN_UNUSED_VARIABLE = YES;
				IPHONEOS_DEPLOYMENT_TARGET = 12.1;
				MTL_ENABLE_DEBUG_INFO = NO;
				MTL_FAST_MATH = YES;
				SDKROOT = iphoneos;
				SWIFT_COMPILATION_MODE = wholemodule;
				SWIFT_OPTIMIZATION_LEVEL = "-O";
				VALIDATE_PRODUCT = YES;
			};
			name = Release;
		};
		D3AC5BA521B4D06600D82294 /* Debug */ = {
			isa = XCBuildConfiguration;
			buildSettings = {
				ASSETCATALOG_COMPILER_APPICON_NAME = AppIcon;
				CODE_SIGN_STYLE = Automatic;
				DEVELOPMENT_TEAM = S8WBNKMKYU;
				INFOPLIST_FILE = PasswordDatabase/Info.plist;
				LD_RUNPATH_SEARCH_PATHS = (
					"$(inherited)",
					"@executable_path/Frameworks",
				);
				PRODUCT_BUNDLE_IDENTIFIER = Fumiya.PasswordDatabase;
				PRODUCT_NAME = "$(TARGET_NAME)";
				SWIFT_VERSION = 4.2;
				TARGETED_DEVICE_FAMILY = "1,2";
			};
			name = Debug;
		};
		D3AC5BA621B4D06600D82294 /* Release */ = {
			isa = XCBuildConfiguration;
			buildSettings = {
				ASSETCATALOG_COMPILER_APPICON_NAME = AppIcon;
				CODE_SIGN_STYLE = Automatic;
				DEVELOPMENT_TEAM = S8WBNKMKYU;
				INFOPLIST_FILE = PasswordDatabase/Info.plist;
				LD_RUNPATH_SEARCH_PATHS = (
					"$(inherited)",
					"@executable_path/Frameworks",
				);
				PRODUCT_BUNDLE_IDENTIFIER = Fumiya.PasswordDatabase;
				PRODUCT_NAME = "$(TARGET_NAME)";
				SWIFT_VERSION = 4.2;
				TARGETED_DEVICE_FAMILY = "1,2";
			};
			name = Release;
		};
		D3AC5BA821B4D06600D82294 /* Debug */ = {
			isa = XCBuildConfiguration;
			buildSettings = {
				ALWAYS_EMBED_SWIFT_STANDARD_LIBRARIES = YES;
				BUNDLE_LOADER = "$(TEST_HOST)";
				CODE_SIGN_STYLE = Automatic;
				DEVELOPMENT_TEAM = S8WBNKMKYU;
				INFOPLIST_FILE = PasswordDatabaseTests/Info.plist;
				LD_RUNPATH_SEARCH_PATHS = (
					"$(inherited)",
					"@executable_path/Frameworks",
					"@loader_path/Frameworks",
				);
				PRODUCT_BUNDLE_IDENTIFIER = Fumiya.PasswordDatabaseTests;
				PRODUCT_NAME = "$(TARGET_NAME)";
				SWIFT_VERSION = 4.2;
				TARGETED_DEVICE_FAMILY = "1,2";
				TEST_HOST = "$(BUILT_PRODUCTS_DIR)/PasswordDatabase.app/PasswordDatabase";
			};
			name = Debug;
		};
		D3AC5BA921B4D06600D82294 /* Release */ = {
			isa = XCBuildConfiguration;
			buildSettings = {
				ALWAYS_EMBED_SWIFT_STANDARD_LIBRARIES = YES;
				BUNDLE_LOADER = "$(TEST_HOST)";
				CODE_SIGN_STYLE = Automatic;
				DEVELOPMENT_TEAM = S8WBNKMKYU;
				INFOPLIST_FILE = PasswordDatabaseTests/Info.plist;
				LD_RUNPATH_SEARCH_PATHS = (
					"$(inherited)",
					"@executable_path/Frameworks",
					"@loader_path/Frameworks",
				);
				PRODUCT_BUNDLE_IDENTIFIER = Fumiya.PasswordDatabaseTests;
				PRODUCT_NAME = "$(TARGET_NAME)";
				SWIFT_VERSION = 4.2;
				TARGETED_DEVICE_FAMILY = "1,2";
				TEST_HOST = "$(BUILT_PRODUCTS_DIR)/PasswordDatabase.app/PasswordDatabase";
			};
			name = Release;
		};
		D3AC5BAB21B4D06600D82294 /* Debug */ = {
			isa = XCBuildConfiguration;
			buildSettings = {
				ALWAYS_EMBED_SWIFT_STANDARD_LIBRARIES = YES;
				CODE_SIGN_STYLE = Automatic;
				DEVELOPMENT_TEAM = S8WBNKMKYU;
				INFOPLIST_FILE = PasswordDatabaseUITests/Info.plist;
				LD_RUNPATH_SEARCH_PATHS = (
					"$(inherited)",
					"@executable_path/Frameworks",
					"@loader_path/Frameworks",
				);
				PRODUCT_BUNDLE_IDENTIFIER = Fumiya.PasswordDatabaseUITests;
				PRODUCT_NAME = "$(TARGET_NAME)";
				SWIFT_VERSION = 4.2;
				TARGETED_DEVICE_FAMILY = "1,2";
				TEST_TARGET_NAME = PasswordDatabase;
			};
			name = Debug;
		};
		D3AC5BAC21B4D06600D82294 /* Release */ = {
			isa = XCBuildConfiguration;
			buildSettings = {
				ALWAYS_EMBED_SWIFT_STANDARD_LIBRARIES = YES;
				CODE_SIGN_STYLE = Automatic;
				DEVELOPMENT_TEAM = S8WBNKMKYU;
				INFOPLIST_FILE = PasswordDatabaseUITests/Info.plist;
				LD_RUNPATH_SEARCH_PATHS = (
					"$(inherited)",
					"@executable_path/Frameworks",
					"@loader_path/Frameworks",
				);
				PRODUCT_BUNDLE_IDENTIFIER = Fumiya.PasswordDatabaseUITests;
				PRODUCT_NAME = "$(TARGET_NAME)";
				SWIFT_VERSION = 4.2;
				TARGETED_DEVICE_FAMILY = "1,2";
				TEST_TARGET_NAME = PasswordDatabase;
			};
			name = Release;
		};
/* End XCBuildConfiguration section */

/* Begin XCConfigurationList section */
		D3AC5B7721B4D06400D82294 /* Build configuration list for PBXProject "PasswordDatabase" */ = {
			isa = XCConfigurationList;
			buildConfigurations = (
				D3AC5BA221B4D06600D82294 /* Debug */,
				D3AC5BA321B4D06600D82294 /* Release */,
			);
			defaultConfigurationIsVisible = 0;
			defaultConfigurationName = Release;
		};
		D3AC5BA421B4D06600D82294 /* Build configuration list for PBXNativeTarget "PasswordDatabase" */ = {
			isa = XCConfigurationList;
			buildConfigurations = (
				D3AC5BA521B4D06600D82294 /* Debug */,
				D3AC5BA621B4D06600D82294 /* Release */,
			);
			defaultConfigurationIsVisible = 0;
			defaultConfigurationName = Release;
		};
		D3AC5BA721B4D06600D82294 /* Build configuration list for PBXNativeTarget "PasswordDatabaseTests" */ = {
			isa = XCConfigurationList;
			buildConfigurations = (
				D3AC5BA821B4D06600D82294 /* Debug */,
				D3AC5BA921B4D06600D82294 /* Release */,
			);
			defaultConfigurationIsVisible = 0;
			defaultConfigurationName = Release;
		};
		D3AC5BAA21B4D06600D82294 /* Build configuration list for PBXNativeTarget "PasswordDatabaseUITests" */ = {
			isa = XCConfigurationList;
			buildConfigurations = (
				D3AC5BAB21B4D06600D82294 /* Debug */,
				D3AC5BAC21B4D06600D82294 /* Release */,
			);
			defaultConfigurationIsVisible = 0;
			defaultConfigurationName = Release;
		};
/* End XCConfigurationList section */
	};
	rootObject = D3AC5B7421B4D06400D82294 /* Project object */;
}
